{
    "name": "knutmelvaerno",
    "version": "1.0.0",
    "lockfileVersion": 1,
    "requires": true,
    "dependencies": {
        "@sanity/cli": {
            "version": "0.140.16",
            "resolved": "https://registry.npmjs.org/@sanity/cli/-/cli-0.140.16.tgz",
            "integrity": "sha512-zLrO86cAJLEbd0sHusg7tFvhKjmaoYTxSTH2hRooZtjTrGSKizFD0sFQRw1zM0AD3Iq29oYJFWT47aar48wicw==",
            "dev": true
        }
    }
}
